{
    "name": "banner",
    "lockfileVersion": 3,
    "requires": true,
    "packages": {
        "": {
            "name": "banner",
            "license": "CC-BY-NC-SA-4.0",
            "devDependencies": {
                "@fontsource-variable/lexend-deca": "5.0.8",
                "simple-icons": "12.4.0",
                "tailwindcss": "4.1.17"
            }
        },
        "node_modules/@fontsource-variable/lexend-deca": {
            "version": "5.0.8",
            "resolved": "https://registry.npmjs.org/@fontsource-variable/lexend-deca/-/lexend-deca-5.0.8.tgz",
            "integrity": "sha512-umzhec52A6qYSPEGggp7c+zEklRxU9JWMrZH0WxLpjPM7Zh6l+ayuoOny4d2EQcOSYFbGjhrlVCE6REhuYwNAQ==",
            "dev": true,
            "license": "OFL-1.1"
        },
        "node_modules/simple-icons": {
            "version": "12.4.0",
            "resolved": "https://registry.npmjs.org/simple-icons/-/simple-icons-12.4.0.tgz",
            "integrity": "sha512-2uL8PHFDyBLQGhZsAvYcaHqm5KjNzIepPshTLZky9Dc6HgPFI83SAVC8of3KYtr+7O8zJggrGYTxyUu/9hyYgA==",
            "dev": true,
            "license": "CC0-1.0",
            "engines": {
                "node": ">=0.12.18"
            },
            "funding": {
                "type": "opencollective",
                "url": "https://opencollective.com/simple-icons"
            }
        },
        "node_modules/tailwindcss": {
            "version": "4.1.17",
            "resolved": "https://registry.npmjs.org/tailwindcss/-/tailwindcss-4.1.17.tgz",
            "integrity": "sha512-j9Ee2YjuQqYT9bbRTfTZht9W/ytp5H+jJpZKiYdP/bpnXARAuELt9ofP0lPnmHjbga7SNQIxdTAXCmtKVYjN+Q==",
            "dev": true,
            "license": "MIT"
        }
    }
}
