{
    "name": "banner",
    "lockfileVersion": 3,
    "requires": true,
    "packages": {
        "": {
            "name": "banner",
            "license": "CC-BY-NC-SA-4.0",
            "devDependencies": {
                "@fontsource/lexend-deca": "5.0.8",
                "simple-icons": "9.18.0"
            }
        },
        "node_modules/@fontsource/lexend-deca": {
            "version": "5.0.8",
            "resolved": "https://registry.npmjs.org/@fontsource/lexend-deca/-/lexend-deca-5.0.8.tgz",
            "integrity": "sha512-mxP3QvcRHlsrfsN4U/hBG8Mdv60In8hT83Esz3THwR6a8BMybv/Nfuj4o0RpD+t6vSrdfcZvXEw/B/BlJ0fcTQ==",
            "dev": true
        },
        "node_modules/simple-icons": {
            "version": "9.18.0",
            "resolved": "https://registry.npmjs.org/simple-icons/-/simple-icons-9.18.0.tgz",
            "integrity": "sha512-vraWnidtbLNLBuT4flpsMAFbIUqaRI+l2Czyt3fHYQ6A2/DaQ3r1L2MrHXjIx64LyatCgM4AOkhYMIRSG2q5aA==",
            "dev": true,
            "engines": {
                "node": ">=0.12.18"
            },
            "funding": {
                "type": "opencollective",
                "url": "https://opencollective.com/simple-icons"
            }
        }
    }
}
